
Microsoft Visual Studio Solution File, Format Version 12.00
# Visual Studio 15
VisualStudioVersion = 15.0.28307.1082
MinimumVisualStudioVersion = 10.0.40219.1
Project("{8BC9CEB8-8B4A-11D0-8D11-00A0C91BC942}") = "Practice", "Practice\Practice.vcxproj", "{34B5FB4E-9D74-4BE0-A974-797025C94198}"
EndProject
Global
	GlobalSection(SolutionConfigurationPlatforms) = preSolution
		Debug|x64 = Debug|x64
		Debug|x86 = Debug|x86
		Release|x64 = Release|x64
		Release|x86 = Release|x86
	EndGlobalSection
	GlobalSection(ProjectConfigurationPlatforms) = postSolution
		{34B5FB4E-9D74-4BE0-A974-797025C94198}.Debug|x64.ActiveCfg = Debug|x64
		{34B5FB4E-9D74-4BE0-A974-797025C94198}.Debug|x64.Build.0 = Debug|x64
		{34B5FB4E-9D74-4BE0-A974-797025C94198}.Debug|x86.ActiveCfg = Debug|Win32
		{34B5FB4E-9D74-4BE0-A974-797025C94198}.Debug|x86.Build.0 = Debug|Win32
		{34B5FB4E-9D74-4BE0-A974-797025C94198}.Release|x64.ActiveCfg = Release|x64
		{34B5FB4E-9D74-4BE0-A974-797025C94198}.Release|x64.Build.0 = Release|x64
		{34B5FB4E-9D74-4BE0-A974-797025C94198}.Release|x86.ActiveCfg = Release|Win32
		{34B5FB4E-9D74-4BE0-A974-797025C94198}.Release|x86.Build.0 = Release|Win32
	EndGlobalSection
	GlobalSection(SolutionProperties) = preSolution
		HideSolutionNode = FALSE
	EndGlobalSection
	GlobalSection(ExtensibilityGlobals) = postSolution
		SolutionGuid = {20A885C3-E2AC-4599-B81A-82A73824AA7E}
	EndGlobalSection
EndGlobal
